// !$*UTF8*$!
{
	archiveVersion = 1;
	classes = {
	};
	objectVersion = 77;
	objects = {

/* Begin PBXBuildFile section */
		25ACA0F42D240762007B8B21 /* GoogleSignIn in Frameworks */ = {isa = PBXBuildFile; productRef = 25ACA0F32D240762007B8B21 /* GoogleSignIn */; };
		25ACA0F62D240762007B8B21 /* GoogleSignInSwift in Frameworks */ = {isa = PBXBuildFile; productRef = 25ACA0F52D240762007B8B21 /* GoogleSignInSwift */; };
		25B1DC6C2DD2180900A0C229 /* FirebaseAnalytics in Frameworks */ = {isa = PBXBuildFile; productRef = 25B1DC6B2DD2180900A0C229 /* FirebaseAnalytics */; };
		25B1DC6E2DD2180900A0C229 /* FirebaseAuth in Frameworks */ = {isa = PBXBuildFile; productRef = 25B1DC6D2DD2180900A0C229 /* FirebaseAuth */; };
		25B1DC702DD2180900A0C229 /* FirebaseCore in Frameworks */ = {isa = PBXBuildFile; productRef = 25B1DC6F2DD2180900A0C229 /* FirebaseCore */; };
		25B1DC722DD2180900A0C229 /* FirebaseFirestore in Frameworks */ = {isa = PBXBuildFile; productRef = 25B1DC712DD2180900A0C229 /* FirebaseFirestore */; };
		25B1DC742DD2180900A0C229 /* FirebaseStorage in Frameworks */ = {isa = PBXBuildFile; productRef = 25B1DC732DD2180900A0C229 /* FirebaseStorage */; };
		A65540522E0B9B0300CD22CF /* Lottie in Frameworks */ = {isa = PBXBuildFile; productRef = A65540512E0B9B0300CD22CF /* Lottie */; };
		A69524C32E03E27700EA132A /* ConfettiSwiftUI in Frameworks */ = {isa = PBXBuildFile; productRef = A69524C22E03E27700EA132A /* ConfettiSwiftUI */; };
/* End PBXBuildFile section */

/* Begin PBXContainerItemProxy section */
		A68653602D19908500767B49 /* PBXContainerItemProxy */ = {
			isa = PBXContainerItemProxy;
			containerPortal = A68653462D19908400767B49 /* Project object */;
			proxyType = 1;
			remoteGlobalIDString = A686534D2D19908400767B49;
			remoteInfo = AiWellness;
		};
		A686536A2D19908500767B49 /* PBXContainerItemProxy */ = {
			isa = PBXContainerItemProxy;
			containerPortal = A68653462D19908400767B49 /* Project object */;
			proxyType = 1;
			remoteGlobalIDString = A686534D2D19908400767B49;
			remoteInfo = AiWellness;
		};
/* End PBXContainerItemProxy section */

/* Begin PBXFileReference section */
		A686534E2D19908400767B49 /* AiWellness.app */ = {isa = PBXFileReference; explicitFileType = wrapper.application; includeInIndex = 0; path = AiWellness.app; sourceTree = BUILT_PRODUCTS_DIR; };
		A686535F2D19908500767B49 /* AiWellnessTests.xctest */ = {isa = PBXFileReference; explicitFileType = wrapper.cfbundle; includeInIndex = 0; path = AiWellnessTests.xctest; sourceTree = BUILT_PRODUCTS_DIR; };
		A68653692D19908500767B49 /* AiWellnessUITests.xctest */ = {isa = PBXFileReference; explicitFileType = wrapper.cfbundle; includeInIndex = 0; path = AiWellnessUITests.xctest; sourceTree = BUILT_PRODUCTS_DIR; };
/* End PBXFileReference section */

/* Begin PBXFileSystemSynchronizedBuildFileExceptionSet section */
		253A15582D28C123004C6981 /* Exceptions for "AiWellness" folder in "AiWellness" target */ = {
			isa = PBXFileSystemSynchronizedBuildFileExceptionSet;
			membershipExceptions = (
				Info.plist,
			);
			target = A686534D2D19908400767B49 /* AiWellness */;
		};
/* End PBXFileSystemSynchronizedBuildFileExceptionSet section */

/* Begin PBXFileSystemSynchronizedRootGroup section */
		A68653502D19908400767B49 /* AiWellness */ = {
			isa = PBXFileSystemSynchronizedRootGroup;
			exceptions = (
				253A15582D28C123004C6981 /* Exceptions for "AiWellness" folder in "AiWellness" target */,
			);
			path = AiWellness;
			sourceTree = "<group>";
		};
		A68653622D19908500767B49 /* AiWellnessTests */ = {
			isa = PBXFileSystemSynchronizedRootGroup;
			path = AiWellnessTests;
			sourceTree = "<group>";
		};
		A686536C2D19908500767B49 /* AiWellnessUITests */ = {
			isa = PBXFileSystemSynchronizedRootGroup;
			path = AiWellnessUITests;
			sourceTree = "<group>";
		};
/* End PBXFileSystemSynchronizedRootGroup section */

/* Begin PBXFrameworksBuildPhase section */
		A686534B2D19908400767B49 /* Frameworks */ = {
			isa = PBXFrameworksBuildPhase;
			buildActionMask = 2147483647;
			files = (
				25ACA0F62D240762007B8B21 /* GoogleSignInSwift in Frameworks */,
				25B1DC702DD2180900A0C229 /* FirebaseCore in Frameworks */,
				A65540522E0B9B0300CD22CF /* Lottie in Frameworks */,
				25ACA0F42D240762007B8B21 /* GoogleSignIn in Frameworks */,
				25B1DC6C2DD2180900A0C229 /* FirebaseAnalytics in Frameworks */,
				25B1DC742DD2180900A0C229 /* FirebaseStorage in Frameworks */,
				25B1DC6E2DD2180900A0C229 /* FirebaseAuth in Frameworks */,
				A69524C32E03E27700EA132A /* ConfettiSwiftUI in Frameworks */,
				25B1DC722DD2180900A0C229 /* FirebaseFirestore in Frameworks */,
			);
			runOnlyForDeploymentPostprocessing = 0;
		};
		A686535C2D19908500767B49 /* Frameworks */ = {
			isa = PBXFrameworksBuildPhase;
			buildActionMask = 2147483647;
			files = (
			);
			runOnlyForDeploymentPostprocessing = 0;
		};
		A68653662D19908500767B49 /* Frameworks */ = {
			isa = PBXFrameworksBuildPhase;
			buildActionMask = 2147483647;
			files = (
			);
			runOnlyForDeploymentPostprocessing = 0;
		};
/* End PBXFrameworksBuildPhase section */

/* Begin PBXGroup section */
		A68653452D19908400767B49 = {
			isa = PBXGroup;
			children = (
				A68653502D19908400767B49 /* AiWellness */,
				A68653622D19908500767B49 /* AiWellnessTests */,
				A686536C2D19908500767B49 /* AiWellnessUITests */,
				A686534F2D19908400767B49 /* Products */,
			);
			sourceTree = "<group>";
		};
		A686534F2D19908400767B49 /* Products */ = {
			isa = PBXGroup;
			children = (
				A686534E2D19908400767B49 /* AiWellness.app */,
				A686535F2D19908500767B49 /* AiWellnessTests.xctest */,
				A68653692D19908500767B49 /* AiWellnessUITests.xctest */,
			);
			name = Products;
			sourceTree = "<group>";
		};
/* End PBXGroup section */

/* Begin PBXNativeTarget section */
		A686534D2D19908400767B49 /* AiWellness */ = {
			isa = PBXNativeTarget;
			buildConfigurationList = A68653732D19908500767B49 /* Build configuration list for PBXNativeTarget "AiWellness" */;
			buildPhases = (
				A686534A2D19908400767B49 /* Sources */,
				A686534B2D19908400767B49 /* Frameworks */,
				A686534C2D19908400767B49 /* Resources */,
			);
			buildRules = (
			);
			dependencies = (
			);
			fileSystemSynchronizedGroups = (
				A68653502D19908400767B49 /* AiWellness */,
			);
			name = AiWellness;
			packageProductDependencies = (
				25ACA0F32D240762007B8B21 /* GoogleSignIn */,
				25ACA0F52D240762007B8B21 /* GoogleSignInSwift */,
				25B1DC6B2DD2180900A0C229 /* FirebaseAnalytics */,
				25B1DC6D2DD2180900A0C229 /* FirebaseAuth */,
				25B1DC6F2DD2180900A0C229 /* FirebaseCore */,
				25B1DC712DD2180900A0C229 /* FirebaseFirestore */,
				25B1DC732DD2180900A0C229 /* FirebaseStorage */,
				A69524C22E03E27700EA132A /* ConfettiSwiftUI */,
				A65540512E0B9B0300CD22CF /* Lottie */,
			);
			productName = AiWellness;
			productReference = A686534E2D19908400767B49 /* AiWellness.app */;
			productType = "com.apple.product-type.application";
		};
		A686535E2D19908500767B49 /* AiWellnessTests */ = {
			isa = PBXNativeTarget;
			buildConfigurationList = A68653762D19908500767B49 /* Build configuration list for PBXNativeTarget "AiWellnessTests" */;
			buildPhases = (
				A686535B2D19908500767B49 /* Sources */,
				A686535C2D19908500767B49 /* Frameworks */,
				A686535D2D19908500767B49 /* Resources */,
			);
			buildRules = (
			);
			dependencies = (
				A68653612D19908500767B49 /* PBXTargetDependency */,
			);
			fileSystemSynchronizedGroups = (
				A68653622D19908500767B49 /* AiWellnessTests */,
			);
			name = AiWellnessTests;
			packageProductDependencies = (
			);
			productName = AiWellnessTests;
			productReference = A686535F2D19908500767B49 /* AiWellnessTests.xctest */;
			productType = "com.apple.product-type.bundle.unit-test";
		};
		A68653682D19908500767B49 /* AiWellnessUITests */ = {
			isa = PBXNativeTarget;
			buildConfigurationList = A68653792D19908500767B49 /* Build configuration list for PBXNativeTarget "AiWellnessUITests" */;
			buildPhases = (
				A68653652D19908500767B49 /* Sources */,
				A68653662D19908500767B49 /* Frameworks */,
				A68653672D19908500767B49 /* Resources */,
			);
			buildRules = (
			);
			dependencies = (
				A686536B2D19908500767B49 /* PBXTargetDependency */,
			);
			fileSystemSynchronizedGroups = (
				A686536C2D19908500767B49 /* AiWellnessUITests */,
			);
			name = AiWellnessUITests;
			packageProductDependencies = (
			);
			productName = AiWellnessUITests;
			productReference = A68653692D19908500767B49 /* AiWellnessUITests.xctest */;
			productType = "com.apple.product-type.bundle.ui-testing";
		};
/* End PBXNativeTarget section */

/* Begin PBXProject section */
		A68653462D19908400767B49 /* Project object */ = {
			isa = PBXProject;
			attributes = {
				BuildIndependentTargetsInParallel = 1;
				LastSwiftUpdateCheck = 1610;
				LastUpgradeCheck = 1610;
				TargetAttributes = {
					A686534D2D19908400767B49 = {
						CreatedOnToolsVersion = 16.1;
					};
					A686535E2D19908500767B49 = {
						CreatedOnToolsVersion = 16.1;
						TestTargetID = A686534D2D19908400767B49;
					};
					A68653682D19908500767B49 = {
						CreatedOnToolsVersion = 16.1;
						TestTargetID = A686534D2D19908400767B49;
					};
				};
			};
			buildConfigurationList = A68653492D19908400767B49 /* Build configuration list for PBXProject "AiWellness" */;
			developmentRegion = en;
			hasScannedForEncodings = 0;
			knownRegions = (
				en,
				Base,
			);
			mainGroup = A68653452D19908400767B49;
			minimizedProjectReferenceProxies = 1;
			packageReferences = (
				252C54D32D21AC6400D54059 /* XCRemoteSwiftPackageReference "GoogleSignIn-iOS" */,
				25B1DC6A2DD2180900A0C229 /* XCRemoteSwiftPackageReference "firebase-ios-sdk" */,
				A69524C12E03E27700EA132A /* XCRemoteSwiftPackageReference "ConfettiSwiftUI" */,
				A65540502E0B9B0300CD22CF /* XCRemoteSwiftPackageReference "lottie-ios" */,
			);
			preferredProjectObjectVersion = 77;
			productRefGroup = A686534F2D19908400767B49 /* Products */;
			projectDirPath = "";
			projectRoot = "";
			targets = (
				A686534D2D19908400767B49 /* AiWellness */,
				A686535E2D19908500767B49 /* AiWellnessTests */,
				A68653682D19908500767B49 /* AiWellnessUITests */,
			);
		};
/* End PBXProject section */

/* Begin PBXResourcesBuildPhase section */
		A686534C2D19908400767B49 /* Resources */ = {
			isa = PBXResourcesBuildPhase;
			buildActionMask = 2147483647;
			files = (
			);
			runOnlyForDeploymentPostprocessing = 0;
		};
		A686535D2D19908500767B49 /* Resources */ = {
			isa = PBXResourcesBuildPhase;
			buildActionMask = 2147483647;
			files = (
			);
			runOnlyForDeploymentPostprocessing = 0;
		};
		A68653672D19908500767B49 /* Resources */ = {
			isa = PBXResourcesBuildPhase;
			buildActionMask = 2147483647;
			files = (
			);
			runOnlyForDeploymentPostprocessing = 0;
		};
/* End PBXResourcesBuildPhase section */

/* Begin PBXSourcesBuildPhase section */
		A686534A2D19908400767B49 /* Sources */ = {
			isa = PBXSourcesBuildPhase;
			buildActionMask = 2147483647;
			files = (
			);
			runOnlyForDeploymentPostprocessing = 0;
		};
		A686535B2D19908500767B49 /* Sources */ = {
			isa = PBXSourcesBuildPhase;
			buildActionMask = 2147483647;
			files = (
			);
			runOnlyForDeploymentPostprocessing = 0;
		};
		A68653652D19908500767B49 /* Sources */ = {
			isa = PBXSourcesBuildPhase;
			buildActionMask = 2147483647;
			files = (
			);
			runOnlyForDeploymentPostprocessing = 0;
		};
/* End PBXSourcesBuildPhase section */

/* Begin PBXTargetDependency section */
		A68653612D19908500767B49 /* PBXTargetDependency */ = {
			isa = PBXTargetDependency;
			target = A686534D2D19908400767B49 /* AiWellness */;
			targetProxy = A68653602D19908500767B49 /* PBXContainerItemProxy */;
		};
		A686536B2D19908500767B49 /* PBXTargetDependency */ = {
			isa = PBXTargetDependency;
			target = A686534D2D19908400767B49 /* AiWellness */;
			targetProxy = A686536A2D19908500767B49 /* PBXContainerItemProxy */;
		};
/* End PBXTargetDependency section */

/* Begin XCBuildConfiguration section */
		A68653712D19908500767B49 /* Debug */ = {
			isa = XCBuildConfiguration;
			buildSettings = {
				ALWAYS_SEARCH_USER_PATHS = NO;
				ASSETCATALOG_COMPILER_GENERATE_SWIFT_ASSET_SYMBOL_EXTENSIONS = YES;
				CLANG_ANALYZER_NONNULL = YES;
				CLANG_ANALYZER_NUMBER_OBJECT_CONVERSION = YES_AGGRESSIVE;
				CLANG_CXX_LANGUAGE_STANDARD = "gnu++20";
				CLANG_ENABLE_MODULES = YES;
				CLANG_ENABLE_OBJC_ARC = YES;
				CLANG_ENABLE_OBJC_WEAK = YES;
				CLANG_WARN_BLOCK_CAPTURE_AUTORELEASING = YES;
				CLANG_WARN_BOOL_CONVERSION = YES;
				CLANG_WARN_COMMA = YES;
				CLANG_WARN_CONSTANT_CONVERSION = YES;
				CLANG_WARN_DEPRECATED_OBJC_IMPLEMENTATIONS = YES;
				CLANG_WARN_DIRECT_OBJC_ISA_USAGE = YES_ERROR;
				CLANG_WARN_DOCUMENTATION_COMMENTS = YES;
				CLANG_WARN_EMPTY_BODY = YES;
				CLANG_WARN_ENUM_CONVERSION = YES;
				CLANG_WARN_INFINITE_RECURSION = YES;
				CLANG_WARN_INT_CONVERSION = YES;
				CLANG_WARN_NON_LITERAL_NULL_CONVERSION = YES;
				CLANG_WARN_OBJC_IMPLICIT_RETAIN_SELF = YES;
				CLANG_WARN_OBJC_LITERAL_CONVERSION = YES;
				CLANG_WARN_OBJC_ROOT_CLASS = YES_ERROR;
				CLANG_WARN_QUOTED_INCLUDE_IN_FRAMEWORK_HEADER = YES;
				CLANG_WARN_RANGE_LOOP_ANALYSIS = YES;
				CLANG_WARN_STRICT_PROTOTYPES = YES;
				CLANG_WARN_SUSPICIOUS_MOVE = YES;
				CLANG_WARN_UNGUARDED_AVAILABILITY = YES_AGGRESSIVE;
				CLANG_WARN_UNREACHABLE_CODE = YES;
				CLANG_WARN__DUPLICATE_METHOD_MATCH = YES;
				COPY_PHASE_STRIP = NO;
				DEBUG_INFORMATION_FORMAT = dwarf;
				ENABLE_STRICT_OBJC_MSGSEND = YES;
				ENABLE_TESTABILITY = YES;
				ENABLE_USER_SCRIPT_SANDBOXING = YES;
				GCC_C_LANGUAGE_STANDARD = gnu17;
				GCC_DYNAMIC_NO_PIC = NO;
				GCC_NO_COMMON_BLOCKS = YES;
				GCC_OPTIMIZATION_LEVEL = 0;
				GCC_PREPROCESSOR_DEFINITIONS = (
					"DEBUG=1",
					"$(inherited)",
				);
				GCC_WARN_64_TO_32_BIT_CONVERSION = YES;
				GCC_WARN_ABOUT_RETURN_TYPE = YES_ERROR;
				GCC_WARN_UNDECLARED_SELECTOR = YES;
				GCC_WARN_UNINITIALIZED_AUTOS = YES_AGGRESSIVE;
				GCC_WARN_UNUSED_FUNCTION = YES;
				GCC_WARN_UNUSED_VARIABLE = YES;
				INFOPLIST_KEY_NSFaceIDUsageDescription = "We use Face ID to secure access to your calendar.";
				IPHONEOS_DEPLOYMENT_TARGET = 16.6;
				LOCALIZATION_PREFERS_STRING_CATALOGS = YES;
				MTL_ENABLE_DEBUG_INFO = INCLUDE_SOURCE;
				MTL_FAST_MATH = YES;
				ONLY_ACTIVE_ARCH = YES;
				SWIFT_ACTIVE_COMPILATION_CONDITIONS = "DEBUG $(inherited)";
				SWIFT_OPTIMIZATION_LEVEL = "-Onone";
			};
			name = Debug;
		};
		A68653722D19908500767B49 /* Release */ = {
			isa = XCBuildConfiguration;
			buildSettings = {
				ALWAYS_SEARCH_USER_PATHS = NO;
				ASSETCATALOG_COMPILER_GENERATE_SWIFT_ASSET_SYMBOL_EXTENSIONS = YES;
				CLANG_ANALYZER_NONNULL = YES;
				CLANG_ANALYZER_NUMBER_OBJECT_CONVERSION = YES_AGGRESSIVE;
				CLANG_CXX_LANGUAGE_STANDARD = "gnu++20";
				CLANG_ENABLE_MODULES = YES;
				CLANG_ENABLE_OBJC_ARC = YES;
				CLANG_ENABLE_OBJC_WEAK = YES;
				CLANG_WARN_BLOCK_CAPTURE_AUTORELEASING = YES;
				CLANG_WARN_BOOL_CONVERSION = YES;
				CLANG_WARN_COMMA = YES;
				CLANG_WARN_CONSTANT_CONVERSION = YES;
				CLANG_WARN_DEPRECATED_OBJC_IMPLEMENTATIONS = YES;
				CLANG_WARN_DIRECT_OBJC_ISA_USAGE = YES_ERROR;
				CLANG_WARN_DOCUMENTATION_COMMENTS = YES;
				CLANG_WARN_EMPTY_BODY = YES;
				CLANG_WARN_ENUM_CONVERSION = YES;
				CLANG_WARN_INFINITE_RECURSION = YES;
				CLANG_WARN_INT_CONVERSION = YES;
				CLANG_WARN_NON_LITERAL_NULL_CONVERSION = YES;
				CLANG_WARN_OBJC_IMPLICIT_RETAIN_SELF = YES;
				CLANG_WARN_OBJC_LITERAL_CONVERSION = YES;
				CLANG_WARN_OBJC_ROOT_CLASS = YES_ERROR;
				CLANG_WARN_QUOTED_INCLUDE_IN_FRAMEWORK_HEADER = YES;
				CLANG_WARN_RANGE_LOOP_ANALYSIS = YES;
				CLANG_WARN_STRICT_PROTOTYPES = YES;
				CLANG_WARN_SUSPICIOUS_MOVE = YES;
				CLANG_WARN_UNGUARDED_AVAILABILITY = YES_AGGRESSIVE;
				CLANG_WARN_UNREACHABLE_CODE = YES;
				CLANG_WARN__DUPLICATE_METHOD_MATCH = YES;
				COPY_PHASE_STRIP = NO;
				DEBUG_INFORMATION_FORMAT = "dwarf-with-dsym";
				ENABLE_NS_ASSERTIONS = NO;
				ENABLE_STRICT_OBJC_MSGSEND = YES;
				ENABLE_USER_SCRIPT_SANDBOXING = YES;
				GCC_C_LANGUAGE_STANDARD = gnu17;
				GCC_NO_COMMON_BLOCKS = YES;
				GCC_WARN_64_TO_32_BIT_CONVERSION = YES;
				GCC_WARN_ABOUT_RETURN_TYPE = YES_ERROR;
				GCC_WARN_UNDECLARED_SELECTOR = YES;
				GCC_WARN_UNINITIALIZED_AUTOS = YES_AGGRESSIVE;
				GCC_WARN_UNUSED_FUNCTION = YES;
				GCC_WARN_UNUSED_VARIABLE = YES;
				INFOPLIST_KEY_NSFaceIDUsageDescription = "We use Face ID to secure access to your calendar.";
				IPHONEOS_DEPLOYMENT_TARGET = 16.6;
				LOCALIZATION_PREFERS_STRING_CATALOGS = YES;
				MTL_ENABLE_DEBUG_INFO = NO;
				MTL_FAST_MATH = YES;
				SWIFT_COMPILATION_MODE = wholemodule;
			};
			name = Release;
		};
		A68653742D19908500767B49 /* Debug */ = {
			isa = XCBuildConfiguration;
			buildSettings = {
				ASSETCATALOG_COMPILER_APPICON_NAME = AppIcon;
				ASSETCATALOG_COMPILER_GLOBAL_ACCENT_COLOR_NAME = AccentColor;
				CODE_SIGN_ENTITLEMENTS = AiWellness/AiWellness.entitlements;
				CODE_SIGN_IDENTITY = "Apple Development";
				CODE_SIGN_STYLE = Automatic;
				CURRENT_PROJECT_VERSION = 1;
				DEVELOPMENT_ASSET_PATHS = "\"AiWellness/Preview Content\"";
				DEVELOPMENT_TEAM = Y6ARYNWBXN;
				ENABLE_PREVIEWS = YES;
				GENERATE_INFOPLIST_FILE = YES;
				INFOPLIST_FILE = AiWellness/Info.plist;
				INFOPLIST_KEY_UIApplicationSceneManifest_Generation = YES;
				"INFOPLIST_KEY_UIApplicationSceneManifest_Generation[sdk=iphoneos*]" = YES;
				"INFOPLIST_KEY_UIApplicationSceneManifest_Generation[sdk=iphonesimulator*]" = YES;
				"INFOPLIST_KEY_UIApplicationSupportsIndirectInputEvents[sdk=iphoneos*]" = YES;
				"INFOPLIST_KEY_UIApplicationSupportsIndirectInputEvents[sdk=iphonesimulator*]" = YES;
				INFOPLIST_KEY_UILaunchScreen_Generation = YES;
				"INFOPLIST_KEY_UILaunchScreen_Generation[sdk=iphoneos*]" = YES;
				"INFOPLIST_KEY_UILaunchScreen_Generation[sdk=iphonesimulator*]" = YES;
				"INFOPLIST_KEY_UIStatusBarStyle[sdk=iphoneos*]" = UIStatusBarStyleDefault;
				"INFOPLIST_KEY_UIStatusBarStyle[sdk=iphonesimulator*]" = UIStatusBarStyleDefault;
				INFOPLIST_KEY_UISupportedInterfaceOrientations_iPad = "UIInterfaceOrientationPortrait UIInterfaceOrientationPortraitUpsideDown UIInterfaceOrientationLandscapeLeft UIInterfaceOrientationLandscapeRight";
				INFOPLIST_KEY_UISupportedInterfaceOrientations_iPhone = "UIInterfaceOrientationPortrait UIInterfaceOrientationLandscapeLeft UIInterfaceOrientationLandscapeRight";
				IPHONEOS_DEPLOYMENT_TARGET = 18.1;
				LD_RUNPATH_SEARCH_PATHS = "@executable_path/Frameworks";
				"LD_RUNPATH_SEARCH_PATHS[sdk=macosx*]" = "@executable_path/../Frameworks";
				MACOSX_DEPLOYMENT_TARGET = 15.1;
				MARKETING_VERSION = 1.0;
				PRODUCT_BUNDLE_IDENTIFIER = pushups.AiWellness;
				PRODUCT_NAME = "$(TARGET_NAME)";
				PROVISIONING_PROFILE_SPECIFIER = "";
				SDKROOT = auto;
				SUPPORTED_PLATFORMS = "iphoneos iphonesimulator";
				SUPPORTS_MACCATALYST = NO;
				SWIFT_EMIT_LOC_STRINGS = YES;
				SWIFT_VERSION = 5.0;
				TARGETED_DEVICE_FAMILY = 1;
				XROS_DEPLOYMENT_TARGET = 2.1;
			};
			name = Debug;
		};
		A68653752D19908500767B49 /* Release */ = {
			isa = XCBuildConfiguration;
			buildSettings = {
				ASSETCATALOG_COMPILER_APPICON_NAME = AppIcon;
				ASSETCATALOG_COMPILER_GLOBAL_ACCENT_COLOR_NAME = AccentColor;
				CODE_SIGN_ENTITLEMENTS = AiWellness/AiWellness.entitlements;
				CODE_SIGN_IDENTITY = "Apple Development";
				CODE_SIGN_STYLE = Automatic;
				CURRENT_PROJECT_VERSION = 1;
				DEVELOPMENT_ASSET_PATHS = "\"AiWellness/Preview Content\"";
				DEVELOPMENT_TEAM = Y6ARYNWBXN;
				ENABLE_PREVIEWS = YES;
				GENERATE_INFOPLIST_FILE = YES;
				INFOPLIST_FILE = AiWellness/Info.plist;
				INFOPLIST_KEY_UIApplicationSceneManifest_Generation = YES;
				"INFOPLIST_KEY_UIApplicationSceneManifest_Generation[sdk=iphoneos*]" = YES;
				"INFOPLIST_KEY_UIApplicationSceneManifest_Generation[sdk=iphonesimulator*]" = YES;
				"INFOPLIST_KEY_UIApplicationSupportsIndirectInputEvents[sdk=iphoneos*]" = YES;
				"INFOPLIST_KEY_UIApplicationSupportsIndirectInputEvents[sdk=iphonesimulator*]" = YES;
				INFOPLIST_KEY_UILaunchScreen_Generation = YES;
				"INFOPLIST_KEY_UILaunchScreen_Generation[sdk=iphoneos*]" = YES;
				"INFOPLIST_KEY_UILaunchScreen_Generation[sdk=iphonesimulator*]" = YES;
				"INFOPLIST_KEY_UIStatusBarStyle[sdk=iphoneos*]" = UIStatusBarStyleDefault;
				"INFOPLIST_KEY_UIStatusBarStyle[sdk=iphonesimulator*]" = UIStatusBarStyleDefault;
				INFOPLIST_KEY_UISupportedInterfaceOrientations_iPad = "UIInterfaceOrientationPortrait UIInterfaceOrientationPortraitUpsideDown UIInterfaceOrientationLandscapeLeft UIInterfaceOrientationLandscapeRight";
				INFOPLIST_KEY_UISupportedInterfaceOrientations_iPhone = "UIInterfaceOrientationPortrait UIInterfaceOrientationLandscapeLeft UIInterfaceOrientationLandscapeRight";
				IPHONEOS_DEPLOYMENT_TARGET = 18.1;
				LD_RUNPATH_SEARCH_PATHS = "@executable_path/Frameworks";
				"LD_RUNPATH_SEARCH_PATHS[sdk=macosx*]" = "@executable_path/../Frameworks";
				MACOSX_DEPLOYMENT_TARGET = 15.1;
				MARKETING_VERSION = 1.0;
				PRODUCT_BUNDLE_IDENTIFIER = pushups.AiWellness;
				PRODUCT_NAME = "$(TARGET_NAME)";
				PROVISIONING_PROFILE_SPECIFIER = "";
				SDKROOT = auto;
				SUPPORTED_PLATFORMS = "iphoneos iphonesimulator";
				SUPPORTS_MACCATALYST = NO;
				SWIFT_EMIT_LOC_STRINGS = YES;
				SWIFT_VERSION = 5.0;
				TARGETED_DEVICE_FAMILY = 1;
				XROS_DEPLOYMENT_TARGET = 2.1;
			};
			name = Release;
		};
		A68653772D19908500767B49 /* Debug */ = {
			isa = XCBuildConfiguration;
			buildSettings = {
				BUNDLE_LOADER = "$(TEST_HOST)";
				CODE_SIGN_STYLE = Automatic;
				CURRENT_PROJECT_VERSION = 1;
				GENERATE_INFOPLIST_FILE = YES;
				IPHONEOS_DEPLOYMENT_TARGET = 18.1;
				MACOSX_DEPLOYMENT_TARGET = 15.1;
				MARKETING_VERSION = 1.0;
				PRODUCT_BUNDLE_IDENTIFIER = pushups.AiWellnessTests;
				PRODUCT_NAME = "$(TARGET_NAME)";
				SDKROOT = auto;
				SUPPORTED_PLATFORMS = "iphoneos iphonesimulator macosx xros xrsimulator";
				SWIFT_EMIT_LOC_STRINGS = NO;
				SWIFT_VERSION = 5.0;
				TARGETED_DEVICE_FAMILY = "1,2,7";
				TEST_HOST = "$(BUILT_PRODUCTS_DIR)/AiWellness.app/$(BUNDLE_EXECUTABLE_FOLDER_PATH)/AiWellness";
				XROS_DEPLOYMENT_TARGET = 2.1;
			};
			name = Debug;
		};
		A68653782D19908500767B49 /* Release */ = {
			isa = XCBuildConfiguration;
			buildSettings = {
				BUNDLE_LOADER = "$(TEST_HOST)";
				CODE_SIGN_STYLE = Automatic;
				CURRENT_PROJECT_VERSION = 1;
				GENERATE_INFOPLIST_FILE = YES;
				IPHONEOS_DEPLOYMENT_TARGET = 18.1;
				MACOSX_DEPLOYMENT_TARGET = 15.1;
				MARKETING_VERSION = 1.0;
				PRODUCT_BUNDLE_IDENTIFIER = pushups.AiWellnessTests;
				PRODUCT_NAME = "$(TARGET_NAME)";
				SDKROOT = auto;
				SUPPORTED_PLATFORMS = "iphoneos iphonesimulator macosx xros xrsimulator";
				SWIFT_EMIT_LOC_STRINGS = NO;
				SWIFT_VERSION = 5.0;
				TARGETED_DEVICE_FAMILY = "1,2,7";
				TEST_HOST = "$(BUILT_PRODUCTS_DIR)/AiWellness.app/$(BUNDLE_EXECUTABLE_FOLDER_PATH)/AiWellness";
				XROS_DEPLOYMENT_TARGET = 2.1;
			};
			name = Release;
		};
		A686537A2D19908500767B49 /* Debug */ = {
			isa = XCBuildConfiguration;
			buildSettings = {
				CODE_SIGN_STYLE = Automatic;
				CURRENT_PROJECT_VERSION = 1;
				GENERATE_INFOPLIST_FILE = YES;
				IPHONEOS_DEPLOYMENT_TARGET = 18.1;
				MACOSX_DEPLOYMENT_TARGET = 15.1;
				MARKETING_VERSION = 1.0;
				PRODUCT_BUNDLE_IDENTIFIER = pushups.AiWellnessUITests;
				PRODUCT_NAME = "$(TARGET_NAME)";
				SDKROOT = auto;
				SUPPORTED_PLATFORMS = "iphoneos iphonesimulator macosx xros xrsimulator";
				SWIFT_EMIT_LOC_STRINGS = NO;
				SWIFT_VERSION = 5.0;
				TARGETED_DEVICE_FAMILY = "1,2,7";
				TEST_TARGET_NAME = AiWellness;
				XROS_DEPLOYMENT_TARGET = 2.1;
			};
			name = Debug;
		};
		A686537B2D19908500767B49 /* Release */ = {
			isa = XCBuildConfiguration;
			buildSettings = {
				CODE_SIGN_STYLE = Automatic;
				CURRENT_PROJECT_VERSION = 1;
				GENERATE_INFOPLIST_FILE = YES;
				IPHONEOS_DEPLOYMENT_TARGET = 18.1;
				MACOSX_DEPLOYMENT_TARGET = 15.1;
				MARKETING_VERSION = 1.0;
				PRODUCT_BUNDLE_IDENTIFIER = pushups.AiWellnessUITests;
				PRODUCT_NAME = "$(TARGET_NAME)";
				SDKROOT = auto;
				SUPPORTED_PLATFORMS = "iphoneos iphonesimulator macosx xros xrsimulator";
				SWIFT_EMIT_LOC_STRINGS = NO;
				SWIFT_VERSION = 5.0;
				TARGETED_DEVICE_FAMILY = "1,2,7";
				TEST_TARGET_NAME = AiWellness;
				XROS_DEPLOYMENT_TARGET = 2.1;
			};
			name = Release;
		};
/* End XCBuildConfiguration section */

/* Begin XCConfigurationList section */
		A68653492D19908400767B49 /* Build configuration list for PBXProject "AiWellness" */ = {
			isa = XCConfigurationList;
			buildConfigurations = (
				A68653712D19908500767B49 /* Debug */,
				A68653722D19908500767B49 /* Release */,
			);
			defaultConfigurationIsVisible = 0;
			defaultConfigurationName = Release;
		};
		A68653732D19908500767B49 /* Build configuration list for PBXNativeTarget "AiWellness" */ = {
			isa = XCConfigurationList;
			buildConfigurations = (
				A68653742D19908500767B49 /* Debug */,
				A68653752D19908500767B49 /* Release */,
			);
			defaultConfigurationIsVisible = 0;
			defaultConfigurationName = Release;
		};
		A68653762D19908500767B49 /* Build configuration list for PBXNativeTarget "AiWellnessTests" */ = {
			isa = XCConfigurationList;
			buildConfigurations = (
				A68653772D19908500767B49 /* Debug */,
				A68653782D19908500767B49 /* Release */,
			);
			defaultConfigurationIsVisible = 0;
			defaultConfigurationName = Release;
		};
		A68653792D19908500767B49 /* Build configuration list for PBXNativeTarget "AiWellnessUITests" */ = {
			isa = XCConfigurationList;
			buildConfigurations = (
				A686537A2D19908500767B49 /* Debug */,
				A686537B2D19908500767B49 /* Release */,
			);
			defaultConfigurationIsVisible = 0;
			defaultConfigurationName = Release;
		};
/* End XCConfigurationList section */

/* Begin XCRemoteSwiftPackageReference section */
		252C54D32D21AC6400D54059 /* XCRemoteSwiftPackageReference "GoogleSignIn-iOS" */ = {
			isa = XCRemoteSwiftPackageReference;
			repositoryURL = "https://github.com/google/GoogleSignIn-iOS";
			requirement = {
				kind = upToNextMajorVersion;
				minimumVersion = 8.0.0;
			};
		};
		25B1DC6A2DD2180900A0C229 /* XCRemoteSwiftPackageReference "firebase-ios-sdk" */ = {
			isa = XCRemoteSwiftPackageReference;
			repositoryURL = "https://github.com/firebase/firebase-ios-sdk.git";
			requirement = {
				kind = upToNextMajorVersion;
				minimumVersion = 11.12.0;
			};
		};
		A65540502E0B9B0300CD22CF /* XCRemoteSwiftPackageReference "lottie-ios" */ = {
			isa = XCRemoteSwiftPackageReference;
			repositoryURL = "https://github.com/airbnb/lottie-ios.git";
			requirement = {
				kind = upToNextMajorVersion;
				minimumVersion = 4.5.2;
			};
		};
		A69524C12E03E27700EA132A /* XCRemoteSwiftPackageReference "ConfettiSwiftUI" */ = {
			isa = XCRemoteSwiftPackageReference;
			repositoryURL = "https://github.com/simibac/ConfettiSwiftUI.git";
			requirement = {
				kind = upToNextMajorVersion;
				minimumVersion = 2.0.3;
			};
		};
/* End XCRemoteSwiftPackageReference section */

/* Begin XCSwiftPackageProductDependency section */
		25ACA0F32D240762007B8B21 /* GoogleSignIn */ = {
			isa = XCSwiftPackageProductDependency;
			package = 252C54D32D21AC6400D54059 /* XCRemoteSwiftPackageReference "GoogleSignIn-iOS" */;
			productName = GoogleSignIn;
		};
		25ACA0F52D240762007B8B21 /* GoogleSignInSwift */ = {
			isa = XCSwiftPackageProductDependency;
			package = 252C54D32D21AC6400D54059 /* XCRemoteSwiftPackageReference "GoogleSignIn-iOS" */;
			productName = GoogleSignInSwift;
		};
		25B1DC6B2DD2180900A0C229 /* FirebaseAnalytics */ = {
			isa = XCSwiftPackageProductDependency;
			package = 25B1DC6A2DD2180900A0C229 /* XCRemoteSwiftPackageReference "firebase-ios-sdk" */;
			productName = FirebaseAnalytics;
		};
		25B1DC6D2DD2180900A0C229 /* FirebaseAuth */ = {
			isa = XCSwiftPackageProductDependency;
			package = 25B1DC6A2DD2180900A0C229 /* XCRemoteSwiftPackageReference "firebase-ios-sdk" */;
			productName = FirebaseAuth;
		};
		25B1DC6F2DD2180900A0C229 /* FirebaseCore */ = {
			isa = XCSwiftPackageProductDependency;
			package = 25B1DC6A2DD2180900A0C229 /* XCRemoteSwiftPackageReference "firebase-ios-sdk" */;
			productName = FirebaseCore;
		};
		25B1DC712DD2180900A0C229 /* FirebaseFirestore */ = {
			isa = XCSwiftPackageProductDependency;
			package = 25B1DC6A2DD2180900A0C229 /* XCRemoteSwiftPackageReference "firebase-ios-sdk" */;
			productName = FirebaseFirestore;
		};
		25B1DC732DD2180900A0C229 /* FirebaseStorage */ = {
			isa = XCSwiftPackageProductDependency;
			package = 25B1DC6A2DD2180900A0C229 /* XCRemoteSwiftPackageReference "firebase-ios-sdk" */;
			productName = FirebaseStorage;
		};
		A65540512E0B9B0300CD22CF /* Lottie */ = {
			isa = XCSwiftPackageProductDependency;
			package = A65540502E0B9B0300CD22CF /* XCRemoteSwiftPackageReference "lottie-ios" */;
			productName = Lottie;
		};
		A69524C22E03E27700EA132A /* ConfettiSwiftUI */ = {
			isa = XCSwiftPackageProductDependency;
			package = A69524C12E03E27700EA132A /* XCRemoteSwiftPackageReference "ConfettiSwiftUI" */;
			productName = ConfettiSwiftUI;
		};
/* End XCSwiftPackageProductDependency section */
	};
	rootObject = A68653462D19908400767B49 /* Project object */;
}
